# This file was autogenerated by Stack.
# You should not edit this file by hand.
# For more information, please see the documentation at:
#   https://docs.haskellstack.org/en/stable/lock_files

packages: []
snapshots:
- completed:
    size: 504398
    url: https://raw.githubusercontent.com/commercialhaskell/stackage-snapshots/master/nightly/2019/2/11.yaml
    sha256: 3f5e294567a2d33ddb6918446798830e128dc4cafb96119f29de91ac6bf94f22
  original: nightly-2019-02-11
